
Microsoft Visual Studio Solution File, Format Version 12.00
# Visual Studio Version 16
VisualStudioVersion = 16.0.30711.63
MinimumVisualStudioVersion = 10.0.40219.1
Project("{8BC9CEB8-8B4A-11D0-8D11-00A0C91BC942}") = "323AssignmentTwo", "323AssignmentTwo\323AssignmentTwo.vcxproj", "{ED61396D-F618-418D-A61A-9DBCA24DA6FF}"
EndProject
Global
	GlobalSection(SolutionConfigurationPlatforms) = preSolution
		Debug|x64 = Debug|x64
		Debug|x86 = Debug|x86
		Release|x64 = Release|x64
		Release|x86 = Release|x86
	EndGlobalSection
	GlobalSection(ProjectConfigurationPlatforms) = postSolution
		{ED61396D-F618-418D-A61A-9DBCA24DA6FF}.Debug|x64.ActiveCfg = Debug|x64
		{ED61396D-F618-418D-A61A-9DBCA24DA6FF}.Debug|x64.Build.0 = Debug|x64
		{ED61396D-F618-418D-A61A-9DBCA24DA6FF}.Debug|x86.ActiveCfg = Debug|Win32
		{ED61396D-F618-418D-A61A-9DBCA24DA6FF}.Debug|x86.Build.0 = Debug|Win32
		{ED61396D-F618-418D-A61A-9DBCA24DA6FF}.Release|x64.ActiveCfg = Release|x64
		{ED61396D-F618-418D-A61A-9DBCA24DA6FF}.Release|x64.Build.0 = Release|x64
		{ED61396D-F618-418D-A61A-9DBCA24DA6FF}.Release|x86.ActiveCfg = Release|Win32
		{ED61396D-F618-418D-A61A-9DBCA24DA6FF}.Release|x86.Build.0 = Release|Win32
	EndGlobalSection
	GlobalSection(SolutionProperties) = preSolution
		HideSolutionNode = FALSE
	EndGlobalSection
	GlobalSection(ExtensibilityGlobals) = postSolution
		SolutionGuid = {C21A9A1C-6966-46D1-AE36-9EA0F65860B6}
	EndGlobalSection
EndGlobal
